// !$*UTF8*$!
{
	archiveVersion = 1;
	classes = {
	};
	objectVersion = 56;
	objects = {

/* Begin PBXBuildFile section */
		7003404E28FC93C20066C59B /* Spoqa Han Sans Regular.ttf in Resources */ = {isa = PBXBuildFile; fileRef = 7003404C28FC93C10066C59B /* Spoqa Han Sans Regular.ttf */; };
		7003404F28FC93C20066C59B /* Spoqa Han Sans Bold.ttf in Resources */ = {isa = PBXBuildFile; fileRef = 7003404D28FC93C20066C59B /* Spoqa Han Sans Bold.ttf */; };
		70761C0228FB1327000D399A /* Colors.xcassets in Resources */ = {isa = PBXBuildFile; fileRef = 70761C0128FB1327000D399A /* Colors.xcassets */; };
		70761C0428FB18FB000D399A /* Color+.swift in Sources */ = {isa = PBXBuildFile; fileRef = 70761C0328FB18FB000D399A /* Color+.swift */; };
		70761C0628FB2034000D399A /* View+.swift in Sources */ = {isa = PBXBuildFile; fileRef = 70761C0528FB2034000D399A /* View+.swift */; };
		70761C0828FB2805000D399A /* Text+.swift in Sources */ = {isa = PBXBuildFile; fileRef = 70761C0728FB2805000D399A /* Text+.swift */; };
		D50154C728FAD73D001BA8D5 /* MainChallengeSuperView.swift in Sources */ = {isa = PBXBuildFile; fileRef = D50154C628FAD73D001BA8D5 /* MainChallengeSuperView.swift */; };
		D50154C928FAD74A001BA8D5 /* MainChallengeEmptyView.swift in Sources */ = {isa = PBXBuildFile; fileRef = D50154C828FAD74A001BA8D5 /* MainChallengeEmptyView.swift */; };
		D50154CC28FAD77B001BA8D5 /* TodoEditView.swift in Sources */ = {isa = PBXBuildFile; fileRef = D50154CB28FAD77B001BA8D5 /* TodoEditView.swift */; };
		D50154CE28FAD78C001BA8D5 /* MainChallengePinView.swift in Sources */ = {isa = PBXBuildFile; fileRef = D50154CD28FAD78C001BA8D5 /* MainChallengePinView.swift */; };
		D50154D428FAD825001BA8D5 /* imsi+.swift in Sources */ = {isa = PBXBuildFile; fileRef = D50154D328FAD825001BA8D5 /* imsi+.swift */; };
		D593994628EE10130082A3F9 /* EZPZApp.swift in Sources */ = {isa = PBXBuildFile; fileRef = D593994528EE10130082A3F9 /* EZPZApp.swift */; };
		D593994828EE10130082A3F9 /* ContentView.swift in Sources */ = {isa = PBXBuildFile; fileRef = D593994728EE10130082A3F9 /* ContentView.swift */; };
		D593994A28EE10140082A3F9 /* Assets.xcassets in Resources */ = {isa = PBXBuildFile; fileRef = D593994928EE10140082A3F9 /* Assets.xcassets */; };
		D593994D28EE10140082A3F9 /* Preview Assets.xcassets in Resources */ = {isa = PBXBuildFile; fileRef = D593994C28EE10140082A3F9 /* Preview Assets.xcassets */; };
		D593994F28EE10140082A3F9 /* Persistence.swift in Sources */ = {isa = PBXBuildFile; fileRef = D593994E28EE10140082A3F9 /* Persistence.swift */; };
		D593995228EE10140082A3F9 /* EZPZ.xcdatamodeld in Sources */ = {isa = PBXBuildFile; fileRef = D593995028EE10140082A3F9 /* EZPZ.xcdatamodeld */; };
		D593995F28EE11F60082A3F9 /* imsi.swift in Sources */ = {isa = PBXBuildFile; fileRef = D593995E28EE11F60082A3F9 /* imsi.swift */; };
/* End PBXBuildFile section */

/* Begin PBXFileReference section */
		7003404C28FC93C10066C59B /* Spoqa Han Sans Regular.ttf */ = {isa = PBXFileReference; lastKnownFileType = file; path = "Spoqa Han Sans Regular.ttf"; sourceTree = "<group>"; };
		7003404D28FC93C20066C59B /* Spoqa Han Sans Bold.ttf */ = {isa = PBXFileReference; lastKnownFileType = file; path = "Spoqa Han Sans Bold.ttf"; sourceTree = "<group>"; };
		70761C0128FB1327000D399A /* Colors.xcassets */ = {isa = PBXFileReference; lastKnownFileType = folder.assetcatalog; path = Colors.xcassets; sourceTree = "<group>"; };
		70761C0328FB18FB000D399A /* Color+.swift */ = {isa = PBXFileReference; lastKnownFileType = sourcecode.swift; path = "Color+.swift"; sourceTree = "<group>"; };
		70761C0528FB2034000D399A /* View+.swift */ = {isa = PBXFileReference; lastKnownFileType = sourcecode.swift; path = "View+.swift"; sourceTree = "<group>"; };
		70761C0728FB2805000D399A /* Text+.swift */ = {isa = PBXFileReference; lastKnownFileType = sourcecode.swift; path = "Text+.swift"; sourceTree = "<group>"; };
		D50154C628FAD73D001BA8D5 /* MainChallengeSuperView.swift */ = {isa = PBXFileReference; lastKnownFileType = sourcecode.swift; path = MainChallengeSuperView.swift; sourceTree = "<group>"; };
		D50154C828FAD74A001BA8D5 /* MainChallengeEmptyView.swift */ = {isa = PBXFileReference; lastKnownFileType = sourcecode.swift; path = MainChallengeEmptyView.swift; sourceTree = "<group>"; };
		D50154CB28FAD77B001BA8D5 /* TodoEditView.swift */ = {isa = PBXFileReference; lastKnownFileType = sourcecode.swift; path = TodoEditView.swift; sourceTree = "<group>"; };
		D50154CD28FAD78C001BA8D5 /* MainChallengePinView.swift */ = {isa = PBXFileReference; lastKnownFileType = sourcecode.swift; path = MainChallengePinView.swift; sourceTree = "<group>"; };
		D50154D328FAD825001BA8D5 /* imsi+.swift */ = {isa = PBXFileReference; lastKnownFileType = sourcecode.swift; path = "imsi+.swift"; sourceTree = "<group>"; };
		D593994228EE10130082A3F9 /* EZPZ.app */ = {isa = PBXFileReference; explicitFileType = wrapper.application; includeInIndex = 0; path = EZPZ.app; sourceTree = BUILT_PRODUCTS_DIR; };
		D593994528EE10130082A3F9 /* EZPZApp.swift */ = {isa = PBXFileReference; lastKnownFileType = sourcecode.swift; path = EZPZApp.swift; sourceTree = "<group>"; };
		D593994728EE10130082A3F9 /* ContentView.swift */ = {isa = PBXFileReference; lastKnownFileType = sourcecode.swift; path = ContentView.swift; sourceTree = "<group>"; };
		D593994928EE10140082A3F9 /* Assets.xcassets */ = {isa = PBXFileReference; lastKnownFileType = folder.assetcatalog; path = Assets.xcassets; sourceTree = "<group>"; };
		D593994C28EE10140082A3F9 /* Preview Assets.xcassets */ = {isa = PBXFileReference; lastKnownFileType = folder.assetcatalog; path = "Preview Assets.xcassets"; sourceTree = "<group>"; };
		D593994E28EE10140082A3F9 /* Persistence.swift */ = {isa = PBXFileReference; lastKnownFileType = sourcecode.swift; path = Persistence.swift; sourceTree = "<group>"; };
		D593995128EE10140082A3F9 /* EZPZ.xcdatamodel */ = {isa = PBXFileReference; lastKnownFileType = wrapper.xcdatamodel; path = EZPZ.xcdatamodel; sourceTree = "<group>"; };
		D593995328EE10140082A3F9 /* Info.plist */ = {isa = PBXFileReference; lastKnownFileType = text.plist.xml; path = Info.plist; sourceTree = "<group>"; };
		D593995E28EE11F60082A3F9 /* imsi.swift */ = {isa = PBXFileReference; lastKnownFileType = sourcecode.swift; path = imsi.swift; sourceTree = "<group>"; };
/* End PBXFileReference section */

/* Begin PBXFrameworksBuildPhase section */
		D593993F28EE10130082A3F9 /* Frameworks */ = {
			isa = PBXFrameworksBuildPhase;
			buildActionMask = 2147483647;
			files = (
			);
			runOnlyForDeploymentPostprocessing = 0;
		};
/* End PBXFrameworksBuildPhase section */

/* Begin PBXGroup section */
		7003404B28FC93A70066C59B /* Fonts */ = {
			isa = PBXGroup;
			children = (
				7003404D28FC93C20066C59B /* Spoqa Han Sans Bold.ttf */,
				7003404C28FC93C10066C59B /* Spoqa Han Sans Regular.ttf */,
			);
			path = Fonts;
			sourceTree = "<group>";
		};
		D50154C028FAD6AB001BA8D5 /* OnBoardingView */ = {
			isa = PBXGroup;
			children = (
			);
			path = OnBoardingView;
			sourceTree = "<group>";
		};
		D50154C128FAD6BA001BA8D5 /* MainView */ = {
			isa = PBXGroup;
			children = (
				D50154C328FAD70A001BA8D5 /* MainDefaultView */,
				D50154CB28FAD77B001BA8D5 /* TodoEditView.swift */,
				D50154CD28FAD78C001BA8D5 /* MainChallengePinView.swift */,
			);
			path = MainView;
			sourceTree = "<group>";
		};
		D50154C228FAD6F0001BA8D5 /* ChallegeAddView */ = {
			isa = PBXGroup;
			children = (
			);
			path = ChallegeAddView;
			sourceTree = "<group>";
		};
		D50154C328FAD70A001BA8D5 /* MainDefaultView */ = {
			isa = PBXGroup;
			children = (
				D50154CA28FAD76E001BA8D5 /* MainChallengeView */,
				D50154C628FAD73D001BA8D5 /* MainChallengeSuperView.swift */,
				D50154C828FAD74A001BA8D5 /* MainChallengeEmptyView.swift */,
			);
			path = MainDefaultView;
			sourceTree = "<group>";
		};
		D50154CA28FAD76E001BA8D5 /* MainChallengeView */ = {
			isa = PBXGroup;
			children = (
			);
			path = MainChallengeView;
			sourceTree = "<group>";
		};
		D50154CF28FAD7C1001BA8D5 /* EZPZDataModel */ = {
			isa = PBXGroup;
			children = (
			);
			path = EZPZDataModel;
			sourceTree = "<group>";
		};
		D50154D228FAD817001BA8D5 /* Extensions */ = {
			isa = PBXGroup;
			children = (
				D50154D328FAD825001BA8D5 /* imsi+.swift */,
				70761C0328FB18FB000D399A /* Color+.swift */,
				70761C0528FB2034000D399A /* View+.swift */,
				70761C0728FB2805000D399A /* Text+.swift */,
			);
			path = Extensions;
			sourceTree = "<group>";
		};
		D593993928EE10130082A3F9 = {
			isa = PBXGroup;
			children = (
				D593994428EE10130082A3F9 /* EZPZ */,
				D593994328EE10130082A3F9 /* Products */,
			);
			sourceTree = "<group>";
		};
		D593994328EE10130082A3F9 /* Products */ = {
			isa = PBXGroup;
			children = (
				D593994228EE10130082A3F9 /* EZPZ.app */,
			);
			name = Products;
			sourceTree = "<group>";
		};
		D593994428EE10130082A3F9 /* EZPZ */ = {
			isa = PBXGroup;
			children = (
				7003404B28FC93A70066C59B /* Fonts */,
				D593995D28EE11630082A3F9 /* Resources */,
				D593995C28EE11350082A3F9 /* Models */,
				D593995A28EE11260082A3F9 /* Views */,
				D593995B28EE112D0082A3F9 /* ViewModels */,
				D593994528EE10130082A3F9 /* EZPZApp.swift */,
				70761C0128FB1327000D399A /* Colors.xcassets */,
				D50154D228FAD817001BA8D5 /* Extensions */,
				D593995328EE10140082A3F9 /* Info.plist */,
				D593994B28EE10140082A3F9 /* Preview Content */,
			);
			path = EZPZ;
			sourceTree = "<group>";
		};
		D593994B28EE10140082A3F9 /* Preview Content */ = {
			isa = PBXGroup;
			children = (
				D593994C28EE10140082A3F9 /* Preview Assets.xcassets */,
			);
			path = "Preview Content";
			sourceTree = "<group>";
		};
		D593995A28EE11260082A3F9 /* Views */ = {
			isa = PBXGroup;
			children = (
				D50154C028FAD6AB001BA8D5 /* OnBoardingView */,
				D50154C228FAD6F0001BA8D5 /* ChallegeAddView */,
				D50154C128FAD6BA001BA8D5 /* MainView */,
				D593994728EE10130082A3F9 /* ContentView.swift */,
			);
			path = Views;
			sourceTree = "<group>";
		};
		D593995B28EE112D0082A3F9 /* ViewModels */ = {
			isa = PBXGroup;
			children = (
				D593995E28EE11F60082A3F9 /* imsi.swift */,
			);
			path = ViewModels;
			sourceTree = "<group>";
		};
		D593995C28EE11350082A3F9 /* Models */ = {
			isa = PBXGroup;
			children = (
				D50154CF28FAD7C1001BA8D5 /* EZPZDataModel */,
				D593995028EE10140082A3F9 /* EZPZ.xcdatamodeld */,
				D593994E28EE10140082A3F9 /* Persistence.swift */,
			);
			path = Models;
			sourceTree = "<group>";
		};
		D593995D28EE11630082A3F9 /* Resources */ = {
			isa = PBXGroup;
			children = (
				D593994928EE10140082A3F9 /* Assets.xcassets */,
			);
			path = Resources;
			sourceTree = "<group>";
		};
/* End PBXGroup section */

/* Begin PBXNativeTarget section */
		D593994128EE10130082A3F9 /* EZPZ */ = {
			isa = PBXNativeTarget;
			buildConfigurationList = D593995628EE10140082A3F9 /* Build configuration list for PBXNativeTarget "EZPZ" */;
			buildPhases = (
				D593993E28EE10130082A3F9 /* Sources */,
				D593993F28EE10130082A3F9 /* Frameworks */,
				D593994028EE10130082A3F9 /* Resources */,
			);
			buildRules = (
			);
			dependencies = (
			);
			name = EZPZ;
			productName = EZPZ;
			productReference = D593994228EE10130082A3F9 /* EZPZ.app */;
			productType = "com.apple.product-type.application";
		};
/* End PBXNativeTarget section */

/* Begin PBXProject section */
		D593993A28EE10130082A3F9 /* Project object */ = {
			isa = PBXProject;
			attributes = {
				BuildIndependentTargetsInParallel = 1;
				LastSwiftUpdateCheck = 1400;
				LastUpgradeCheck = 1400;
				TargetAttributes = {
					D593994128EE10130082A3F9 = {
						CreatedOnToolsVersion = 14.0.1;
					};
				};
			};
			buildConfigurationList = D593993D28EE10130082A3F9 /* Build configuration list for PBXProject "EZPZ" */;
			compatibilityVersion = "Xcode 14.0";
			developmentRegion = en;
			hasScannedForEncodings = 0;
			knownRegions = (
				en,
				Base,
			);
			mainGroup = D593993928EE10130082A3F9;
			productRefGroup = D593994328EE10130082A3F9 /* Products */;
			projectDirPath = "";
			projectRoot = "";
			targets = (
				D593994128EE10130082A3F9 /* EZPZ */,
			);
		};
/* End PBXProject section */

/* Begin PBXResourcesBuildPhase section */
		D593994028EE10130082A3F9 /* Resources */ = {
			isa = PBXResourcesBuildPhase;
			buildActionMask = 2147483647;
			files = (
				7003404E28FC93C20066C59B /* Spoqa Han Sans Regular.ttf in Resources */,
				D593994D28EE10140082A3F9 /* Preview Assets.xcassets in Resources */,
				7003404F28FC93C20066C59B /* Spoqa Han Sans Bold.ttf in Resources */,
				D593994A28EE10140082A3F9 /* Assets.xcassets in Resources */,
				70761C0228FB1327000D399A /* Colors.xcassets in Resources */,
			);
			runOnlyForDeploymentPostprocessing = 0;
		};
/* End PBXResourcesBuildPhase section */

/* Begin PBXSourcesBuildPhase section */
		D593993E28EE10130082A3F9 /* Sources */ = {
			isa = PBXSourcesBuildPhase;
			buildActionMask = 2147483647;
			files = (
				70761C0828FB2805000D399A /* Text+.swift in Sources */,
				D593995F28EE11F60082A3F9 /* imsi.swift in Sources */,
				D593994F28EE10140082A3F9 /* Persistence.swift in Sources */,
				D593994828EE10130082A3F9 /* ContentView.swift in Sources */,
				D50154C728FAD73D001BA8D5 /* MainChallengeSuperView.swift in Sources */,
				70761C0628FB2034000D399A /* View+.swift in Sources */,
				D50154CC28FAD77B001BA8D5 /* TodoEditView.swift in Sources */,
				D50154D428FAD825001BA8D5 /* imsi+.swift in Sources */,
				D593995228EE10140082A3F9 /* EZPZ.xcdatamodeld in Sources */,
				D50154C928FAD74A001BA8D5 /* MainChallengeEmptyView.swift in Sources */,
				70761C0428FB18FB000D399A /* Color+.swift in Sources */,
				D50154CE28FAD78C001BA8D5 /* MainChallengePinView.swift in Sources */,
				D593994628EE10130082A3F9 /* EZPZApp.swift in Sources */,
			);
			runOnlyForDeploymentPostprocessing = 0;
		};
/* End PBXSourcesBuildPhase section */

/* Begin XCBuildConfiguration section */
		D593995428EE10140082A3F9 /* Debug */ = {
			isa = XCBuildConfiguration;
			buildSettings = {
				ALWAYS_SEARCH_USER_PATHS = NO;
				CLANG_ANALYZER_NONNULL = YES;
				CLANG_ANALYZER_NUMBER_OBJECT_CONVERSION = YES_AGGRESSIVE;
				CLANG_CXX_LANGUAGE_STANDARD = "gnu++20";
				CLANG_ENABLE_MODULES = YES;
				CLANG_ENABLE_OBJC_ARC = YES;
				CLANG_ENABLE_OBJC_WEAK = YES;
				CLANG_WARN_BLOCK_CAPTURE_AUTORELEASING = YES;
				CLANG_WARN_BOOL_CONVERSION = YES;
				CLANG_WARN_COMMA = YES;
				CLANG_WARN_CONSTANT_CONVERSION = YES;
				CLANG_WARN_DEPRECATED_OBJC_IMPLEMENTATIONS = YES;
				CLANG_WARN_DIRECT_OBJC_ISA_USAGE = YES_ERROR;
				CLANG_WARN_DOCUMENTATION_COMMENTS = YES;
				CLANG_WARN_EMPTY_BODY = YES;
				CLANG_WARN_ENUM_CONVERSION = YES;
				CLANG_WARN_INFINITE_RECURSION = YES;
				CLANG_WARN_INT_CONVERSION = YES;
				CLANG_WARN_NON_LITERAL_NULL_CONVERSION = YES;
				CLANG_WARN_OBJC_IMPLICIT_RETAIN_SELF = YES;
				CLANG_WARN_OBJC_LITERAL_CONVERSION = YES;
				CLANG_WARN_OBJC_ROOT_CLASS = YES_ERROR;
				CLANG_WARN_QUOTED_INCLUDE_IN_FRAMEWORK_HEADER = YES;
				CLANG_WARN_RANGE_LOOP_ANALYSIS = YES;
				CLANG_WARN_STRICT_PROTOTYPES = YES;
				CLANG_WARN_SUSPICIOUS_MOVE = YES;
				CLANG_WARN_UNGUARDED_AVAILABILITY = YES_AGGRESSIVE;
				CLANG_WARN_UNREACHABLE_CODE = YES;
				CLANG_WARN__DUPLICATE_METHOD_MATCH = YES;
				COPY_PHASE_STRIP = NO;
				DEBUG_INFORMATION_FORMAT = dwarf;
				ENABLE_STRICT_OBJC_MSGSEND = YES;
				ENABLE_TESTABILITY = YES;
				GCC_C_LANGUAGE_STANDARD = gnu11;
				GCC_DYNAMIC_NO_PIC = NO;
				GCC_NO_COMMON_BLOCKS = YES;
				GCC_OPTIMIZATION_LEVEL = 0;
				GCC_PREPROCESSOR_DEFINITIONS = (
					"DEBUG=1",
					"$(inherited)",
				);
				GCC_WARN_64_TO_32_BIT_CONVERSION = YES;
				GCC_WARN_ABOUT_RETURN_TYPE = YES_ERROR;
				GCC_WARN_UNDECLARED_SELECTOR = YES;
				GCC_WARN_UNINITIALIZED_AUTOS = YES_AGGRESSIVE;
				GCC_WARN_UNUSED_FUNCTION = YES;
				GCC_WARN_UNUSED_VARIABLE = YES;
				IPHONEOS_DEPLOYMENT_TARGET = 15.0;
				MTL_ENABLE_DEBUG_INFO = INCLUDE_SOURCE;
				MTL_FAST_MATH = YES;
				ONLY_ACTIVE_ARCH = YES;
				SDKROOT = iphoneos;
				SWIFT_ACTIVE_COMPILATION_CONDITIONS = DEBUG;
				SWIFT_OPTIMIZATION_LEVEL = "-Onone";
			};
			name = Debug;
		};
		D593995528EE10140082A3F9 /* Release */ = {
			isa = XCBuildConfiguration;
			buildSettings = {
				ALWAYS_SEARCH_USER_PATHS = NO;
				CLANG_ANALYZER_NONNULL = YES;
				CLANG_ANALYZER_NUMBER_OBJECT_CONVERSION = YES_AGGRESSIVE;
				CLANG_CXX_LANGUAGE_STANDARD = "gnu++20";
				CLANG_ENABLE_MODULES = YES;
				CLANG_ENABLE_OBJC_ARC = YES;
				CLANG_ENABLE_OBJC_WEAK = YES;
				CLANG_WARN_BLOCK_CAPTURE_AUTORELEASING = YES;
				CLANG_WARN_BOOL_CONVERSION = YES;
				CLANG_WARN_COMMA = YES;
				CLANG_WARN_CONSTANT_CONVERSION = YES;
				CLANG_WARN_DEPRECATED_OBJC_IMPLEMENTATIONS = YES;
				CLANG_WARN_DIRECT_OBJC_ISA_USAGE = YES_ERROR;
				CLANG_WARN_DOCUMENTATION_COMMENTS = YES;
				CLANG_WARN_EMPTY_BODY = YES;
				CLANG_WARN_ENUM_CONVERSION = YES;
				CLANG_WARN_INFINITE_RECURSION = YES;
				CLANG_WARN_INT_CONVERSION = YES;
				CLANG_WARN_NON_LITERAL_NULL_CONVERSION = YES;
				CLANG_WARN_OBJC_IMPLICIT_RETAIN_SELF = YES;
				CLANG_WARN_OBJC_LITERAL_CONVERSION = YES;
				CLANG_WARN_OBJC_ROOT_CLASS = YES_ERROR;
				CLANG_WARN_QUOTED_INCLUDE_IN_FRAMEWORK_HEADER = YES;
				CLANG_WARN_RANGE_LOOP_ANALYSIS = YES;
				CLANG_WARN_STRICT_PROTOTYPES = YES;
				CLANG_WARN_SUSPICIOUS_MOVE = YES;
				CLANG_WARN_UNGUARDED_AVAILABILITY = YES_AGGRESSIVE;
				CLANG_WARN_UNREACHABLE_CODE = YES;
				CLANG_WARN__DUPLICATE_METHOD_MATCH = YES;
				COPY_PHASE_STRIP = NO;
				DEBUG_INFORMATION_FORMAT = "dwarf-with-dsym";
				ENABLE_NS_ASSERTIONS = NO;
				ENABLE_STRICT_OBJC_MSGSEND = YES;
				GCC_C_LANGUAGE_STANDARD = gnu11;
				GCC_NO_COMMON_BLOCKS = YES;
				GCC_WARN_64_TO_32_BIT_CONVERSION = YES;
				GCC_WARN_ABOUT_RETURN_TYPE = YES_ERROR;
				GCC_WARN_UNDECLARED_SELECTOR = YES;
				GCC_WARN_UNINITIALIZED_AUTOS = YES_AGGRESSIVE;
				GCC_WARN_UNUSED_FUNCTION = YES;
				GCC_WARN_UNUSED_VARIABLE = YES;
				IPHONEOS_DEPLOYMENT_TARGET = 15.0;
				MTL_ENABLE_DEBUG_INFO = NO;
				MTL_FAST_MATH = YES;
				SDKROOT = iphoneos;
				SWIFT_COMPILATION_MODE = wholemodule;
				SWIFT_OPTIMIZATION_LEVEL = "-O";
				VALIDATE_PRODUCT = YES;
			};
			name = Release;
		};
		D593995728EE10140082A3F9 /* Debug */ = {
			isa = XCBuildConfiguration;
			buildSettings = {
				ASSETCATALOG_COMPILER_APPICON_NAME = AppIcon;
				ASSETCATALOG_COMPILER_GLOBAL_ACCENT_COLOR_NAME = AccentColor;
				CODE_SIGN_STYLE = Automatic;
				CURRENT_PROJECT_VERSION = 1;
				DEVELOPMENT_ASSET_PATHS = "\"EZPZ/Preview Content\"";
				DEVELOPMENT_TEAM = 5N5TS7Y4MA;
				ENABLE_PREVIEWS = YES;
				GENERATE_INFOPLIST_FILE = YES;
				INFOPLIST_FILE = EZPZ/Info.plist;
				INFOPLIST_KEY_UIApplicationSceneManifest_Generation = YES;
				INFOPLIST_KEY_UIApplicationSupportsIndirectInputEvents = YES;
				INFOPLIST_KEY_UILaunchScreen_Generation = YES;
				INFOPLIST_KEY_UISupportedInterfaceOrientations_iPad = "UIInterfaceOrientationPortrait UIInterfaceOrientationPortraitUpsideDown UIInterfaceOrientationLandscapeLeft UIInterfaceOrientationLandscapeRight";
				INFOPLIST_KEY_UISupportedInterfaceOrientations_iPhone = "UIInterfaceOrientationPortrait UIInterfaceOrientationLandscapeLeft UIInterfaceOrientationLandscapeRight";
				LD_RUNPATH_SEARCH_PATHS = (
					"$(inherited)",
					"@executable_path/Frameworks",
				);
				MARKETING_VERSION = 1.0;
				PRODUCT_BUNDLE_IDENTIFIER = com.EZPZ;
				PRODUCT_NAME = "$(TARGET_NAME)";
				SWIFT_EMIT_LOC_STRINGS = YES;
				SWIFT_VERSION = 5.0;
				TARGETED_DEVICE_FAMILY = "1,2";
			};
			name = Debug;
		};
		D593995828EE10140082A3F9 /* Release */ = {
			isa = XCBuildConfiguration;
			buildSettings = {
				ASSETCATALOG_COMPILER_APPICON_NAME = AppIcon;
				ASSETCATALOG_COMPILER_GLOBAL_ACCENT_COLOR_NAME = AccentColor;
				CODE_SIGN_STYLE = Automatic;
				CURRENT_PROJECT_VERSION = 1;
				DEVELOPMENT_ASSET_PATHS = "\"EZPZ/Preview Content\"";
				DEVELOPMENT_TEAM = 5N5TS7Y4MA;
				ENABLE_PREVIEWS = YES;
				GENERATE_INFOPLIST_FILE = YES;
				INFOPLIST_FILE = EZPZ/Info.plist;
				INFOPLIST_KEY_UIApplicationSceneManifest_Generation = YES;
				INFOPLIST_KEY_UIApplicationSupportsIndirectInputEvents = YES;
				INFOPLIST_KEY_UILaunchScreen_Generation = YES;
				INFOPLIST_KEY_UISupportedInterfaceOrientations_iPad = "UIInterfaceOrientationPortrait UIInterfaceOrientationPortraitUpsideDown UIInterfaceOrientationLandscapeLeft UIInterfaceOrientationLandscapeRight";
				INFOPLIST_KEY_UISupportedInterfaceOrientations_iPhone = "UIInterfaceOrientationPortrait UIInterfaceOrientationLandscapeLeft UIInterfaceOrientationLandscapeRight";
				LD_RUNPATH_SEARCH_PATHS = (
					"$(inherited)",
					"@executable_path/Frameworks",
				);
				MARKETING_VERSION = 1.0;
				PRODUCT_BUNDLE_IDENTIFIER = com.EZPZ;
				PRODUCT_NAME = "$(TARGET_NAME)";
				SWIFT_EMIT_LOC_STRINGS = YES;
				SWIFT_VERSION = 5.0;
				TARGETED_DEVICE_FAMILY = "1,2";
			};
			name = Release;
		};
/* End XCBuildConfiguration section */

/* Begin XCConfigurationList section */
		D593993D28EE10130082A3F9 /* Build configuration list for PBXProject "EZPZ" */ = {
			isa = XCConfigurationList;
			buildConfigurations = (
				D593995428EE10140082A3F9 /* Debug */,
				D593995528EE10140082A3F9 /* Release */,
			);
			defaultConfigurationIsVisible = 0;
			defaultConfigurationName = Release;
		};
		D593995628EE10140082A3F9 /* Build configuration list for PBXNativeTarget "EZPZ" */ = {
			isa = XCConfigurationList;
			buildConfigurations = (
				D593995728EE10140082A3F9 /* Debug */,
				D593995828EE10140082A3F9 /* Release */,
			);
			defaultConfigurationIsVisible = 0;
			defaultConfigurationName = Release;
		};
/* End XCConfigurationList section */

/* Begin XCVersionGroup section */
		D593995028EE10140082A3F9 /* EZPZ.xcdatamodeld */ = {
			isa = XCVersionGroup;
			children = (
				D593995128EE10140082A3F9 /* EZPZ.xcdatamodel */,
			);
			currentVersion = D593995128EE10140082A3F9 /* EZPZ.xcdatamodel */;
			path = EZPZ.xcdatamodeld;
			sourceTree = "<group>";
			versionGroupType = wrapper.xcdatamodel;
		};
/* End XCVersionGroup section */
	};
	rootObject = D593993A28EE10130082A3F9 /* Project object */;
}
